# This file is automatically @generated by Cargo.
# It is not intended for manual editing.
version = 4

[[package]]
name = "chatb-core"
version = "0.1.0"
dependencies = [
 "chatb-protocol",
]

[[package]]
name = "chatb-ffi"
version = "0.1.0"
dependencies = [
 "chatb-core",
]

[[package]]
name = "chatb-protocol"
version = "0.1.0"
