# This file is automatically @generated by Cargo.
# It is not intended for manual editing.
version = 4

[[package]]
name = "bitchat-desktop-core"
version = "0.1.0"
dependencies = [
 "bitchat-desktop-protocol",
]

[[package]]
name = "bitchat-desktop-ffi"
version = "0.1.0"
dependencies = [
 "bitchat-desktop-core",
]

[[package]]
name = "bitchat-desktop-protocol"
version = "0.1.0"
